Microsoft Visual Studio Solution File, Format Version 12.00
# Visual Studio Version 17
VisualStudioVersion = 17.5.2.0
MinimumVisualStudioVersion = 10.0.40219.1
Project("{FAE04EC0-301F-11D3-BF4B-00C04F79EFBC}") = "quiz game", "quiz game.csproj", "{C2816863-6291-C019-269C-AD8543EAA256}"
EndProject
Global
	GlobalSection(SolutionConfigurationPlatforms) = preSolution
		Debug|Any CPU = Debug|Any CPU
		Release|Any CPU = Release|Any CPU
	EndGlobalSection
	GlobalSection(ProjectConfigurationPlatforms) = postSolution
		{C2816863-6291-C019-269C-AD8543EAA256}.Debug|Any CPU.ActiveCfg = Debug|Any CPU
		{C2816863-6291-C019-269C-AD8543EAA256}.Debug|Any CPU.Build.0 = Debug|Any CPU
		{C2816863-6291-C019-269C-AD8543EAA256}.Release|Any CPU.ActiveCfg = Release|Any CPU
		{C2816863-6291-C019-269C-AD8543EAA256}.Release|Any CPU.Build.0 = Release|Any CPU
	EndGlobalSection
	GlobalSection(SolutionProperties) = preSolution
		HideSolutionNode = FALSE
	EndGlobalSection
	GlobalSection(ExtensibilityGlobals) = postSolution
		SolutionGuid = {65ADE04B-6829-4264-ADBF-97197C90897B}
	EndGlobalSection
EndGlobal
